
Microsoft Visual Studio Solution File, Format Version 12.00
# Visual Studio Version 17
VisualStudioVersion = 17.9.34321.82
MinimumVisualStudioVersion = 10.0.40219.1
Project("{2150E333-8FDC-42A3-9474-1A3956D46DE8}") = "src", "src", "{4F7EB92B-71D5-4F94-A13E-40BCCC36D50F}"
EndProject
Project("{2150E333-8FDC-42A3-9474-1A3956D46DE8}") = "test", "test", "{0B0D71D2-68E4-4A44-AC52-217A33C39A8C}"
EndProject
Project("{2150E333-8FDC-42A3-9474-1A3956D46DE8}") = "App", "App", "{6836DAAC-00F7-463B-AAFA-C3C13183AA1F}"
EndProject
Project("{2150E333-8FDC-42A3-9474-1A3956D46DE8}") = "Common", "Common", "{FEFA0614-1E85-4895-9D0C-40AEDEEDED57}"
EndProject
Project("{9A19103F-16F7-4668-BE54-9A1E7A4F7556}") = "Api.Report", "Api.Report\Api.Report.csproj", "{CD62BF85-A406-4269-82DB-F6B11CFE18C2}"
EndProject
Project("{9A19103F-16F7-4668-BE54-9A1E7A4F7556}") = "Application", "Application\Application.csproj", "{736E8504-C76F-47D9-A499-46BFA37A8A1A}"
EndProject
Project("{9A19103F-16F7-4668-BE54-9A1E7A4F7556}") = "Domain", "Domain\Domain.csproj", "{533B117F-6431-46D7-8897-FB72A4739089}"
EndProject
Project("{9A19103F-16F7-4668-BE54-9A1E7A4F7556}") = "Infrastructure", "Infrastructure\Infrastructure.csproj", "{78DEDE37-6029-47D7-9AE2-691BD13C10E1}"
EndProject
Project("{2150E333-8FDC-42A3-9474-1A3956D46DE8}") = "Aplication", "Aplication", "{50A48922-D5F5-42A0-808B-8F130CC742E8}"
EndProject
Project("{2150E333-8FDC-42A3-9474-1A3956D46DE8}") = "Solution Items", "Solution Items", "{73C3580B-CA4A-47BC-8456-A6A0E6FED474}"
	ProjectSection(SolutionItems) = preProject
		.editorconfig = .editorconfig
		README.md = README.md
	EndProjectSection
EndProject
Project("{9A19103F-16F7-4668-BE54-9A1E7A4F7556}") = "Api.Minimal", "Api.Minimal\Api.Minimal.csproj", "{0C9FA741-1676-41A6-B6AE-345F89DB3B18}"
EndProject
Global
	GlobalSection(SolutionConfigurationPlatforms) = preSolution
		Debug|Any CPU = Debug|Any CPU
		Release|Any CPU = Release|Any CPU
	EndGlobalSection
	GlobalSection(ProjectConfigurationPlatforms) = postSolution
		{CD62BF85-A406-4269-82DB-F6B11CFE18C2}.Debug|Any CPU.ActiveCfg = Debug|Any CPU
		{CD62BF85-A406-4269-82DB-F6B11CFE18C2}.Debug|Any CPU.Build.0 = Debug|Any CPU
		{CD62BF85-A406-4269-82DB-F6B11CFE18C2}.Release|Any CPU.ActiveCfg = Release|Any CPU
		{CD62BF85-A406-4269-82DB-F6B11CFE18C2}.Release|Any CPU.Build.0 = Release|Any CPU
		{736E8504-C76F-47D9-A499-46BFA37A8A1A}.Debug|Any CPU.ActiveCfg = Debug|Any CPU
		{736E8504-C76F-47D9-A499-46BFA37A8A1A}.Debug|Any CPU.Build.0 = Debug|Any CPU
		{736E8504-C76F-47D9-A499-46BFA37A8A1A}.Release|Any CPU.ActiveCfg = Release|Any CPU
		{736E8504-C76F-47D9-A499-46BFA37A8A1A}.Release|Any CPU.Build.0 = Release|Any CPU
		{533B117F-6431-46D7-8897-FB72A4739089}.Debug|Any CPU.ActiveCfg = Debug|Any CPU
		{533B117F-6431-46D7-8897-FB72A4739089}.Debug|Any CPU.Build.0 = Debug|Any CPU
		{533B117F-6431-46D7-8897-FB72A4739089}.Release|Any CPU.ActiveCfg = Release|Any CPU
		{533B117F-6431-46D7-8897-FB72A4739089}.Release|Any CPU.Build.0 = Release|Any CPU
		{78DEDE37-6029-47D7-9AE2-691BD13C10E1}.Debug|Any CPU.ActiveCfg = Debug|Any CPU
		{78DEDE37-6029-47D7-9AE2-691BD13C10E1}.Debug|Any CPU.Build.0 = Debug|Any CPU
		{78DEDE37-6029-47D7-9AE2-691BD13C10E1}.Release|Any CPU.ActiveCfg = Release|Any CPU
		{78DEDE37-6029-47D7-9AE2-691BD13C10E1}.Release|Any CPU.Build.0 = Release|Any CPU
		{0C9FA741-1676-41A6-B6AE-345F89DB3B18}.Debug|Any CPU.ActiveCfg = Debug|Any CPU
		{0C9FA741-1676-41A6-B6AE-345F89DB3B18}.Debug|Any CPU.Build.0 = Debug|Any CPU
		{0C9FA741-1676-41A6-B6AE-345F89DB3B18}.Release|Any CPU.ActiveCfg = Release|Any CPU
		{0C9FA741-1676-41A6-B6AE-345F89DB3B18}.Release|Any CPU.Build.0 = Release|Any CPU
	EndGlobalSection
	GlobalSection(SolutionProperties) = preSolution
		HideSolutionNode = FALSE
	EndGlobalSection
	GlobalSection(NestedProjects) = preSolution
		{6836DAAC-00F7-463B-AAFA-C3C13183AA1F} = {4F7EB92B-71D5-4F94-A13E-40BCCC36D50F}
		{FEFA0614-1E85-4895-9D0C-40AEDEEDED57} = {4F7EB92B-71D5-4F94-A13E-40BCCC36D50F}
		{CD62BF85-A406-4269-82DB-F6B11CFE18C2} = {6836DAAC-00F7-463B-AAFA-C3C13183AA1F}
		{736E8504-C76F-47D9-A499-46BFA37A8A1A} = {FEFA0614-1E85-4895-9D0C-40AEDEEDED57}
		{533B117F-6431-46D7-8897-FB72A4739089} = {FEFA0614-1E85-4895-9D0C-40AEDEEDED57}
		{78DEDE37-6029-47D7-9AE2-691BD13C10E1} = {FEFA0614-1E85-4895-9D0C-40AEDEEDED57}
		{50A48922-D5F5-42A0-808B-8F130CC742E8} = {0B0D71D2-68E4-4A44-AC52-217A33C39A8C}
		{0C9FA741-1676-41A6-B6AE-345F89DB3B18} = {6836DAAC-00F7-463B-AAFA-C3C13183AA1F}
	EndGlobalSection
	GlobalSection(ExtensibilityGlobals) = postSolution
		SolutionGuid = {7CB5D8C0-4744-4085-93C6-E715E306DFE0}
	EndGlobalSection
EndGlobal
